{
  "name": "miniprogram",
  "version": "1.0.0",
  "lockfileVersion": 3,
  "requires": true,
  "packages": {
    "": {
      "name": "miniprogram",
      "version": "1.0.0",
      "license": "ISC",
      "dependencies": {
        "tdesign-miniprogram": "^1.12.3"
      },
      "devDependencies": {
        "miniprogram-api-typings": "^5.0.1"
      }
    },
    "node_modules/miniprogram-api-typings": {
      "version": "5.0.1",
      "resolved": "https://registry.npmjs.org/miniprogram-api-typings/-/miniprogram-api-typings-5.0.1.tgz",
      "integrity": "sha512-saVtqMRpi5IcuJigswo1fGFlMKwGr5ixvI3wu8AM+4hQrH4v2Hov3YbZRlcvfIATObWt+HhLcmcSXzO52NGG+A==",
      "dev": true,
      "license": "MIT"
    },
    "node_modules/tdesign-miniprogram": {
      "version": "1.12.3",
      "resolved": "https://registry.npmjs.org/tdesign-miniprogram/-/tdesign-miniprogram-1.12.3.tgz",
      "integrity": "sha512-F4nMv/ph3yyq9bO4RrJuB9x9VWyKIN6lV1HqFaV4AsR0cpDoBYtGYLPOFejvj0MYDSntSHLMVe1nm0fqsXUaUQ==",
      "license": "MIT"
    }
  }
}
